
Microsoft Visual Studio Solution File, Format Version 12.00
# Visual Studio Version 17
VisualStudioVersion = 17.7.34003.232
MinimumVisualStudioVersion = 10.0.40219.1
Project("{FAE04EC0-301F-11D3-BF4B-00C04F79EFBC}") = "MongoDB.SingleIndex", "MongoDB.SingleIndex\MongoDB.SingleIndex.csproj", "{FF27D5DF-CB9F-4D64-A0A3-412FE5A55F8B}"
EndProject
Global
	GlobalSection(SolutionConfigurationPlatforms) = preSolution
		Debug|Any CPU = Debug|Any CPU
		Release|Any CPU = Release|Any CPU
	EndGlobalSection
	GlobalSection(ProjectConfigurationPlatforms) = postSolution
		{FF27D5DF-CB9F-4D64-A0A3-412FE5A55F8B}.Debug|Any CPU.ActiveCfg = Debug|Any CPU
		{FF27D5DF-CB9F-4D64-A0A3-412FE5A55F8B}.Debug|Any CPU.Build.0 = Debug|Any CPU
		{FF27D5DF-CB9F-4D64-A0A3-412FE5A55F8B}.Release|Any CPU.ActiveCfg = Release|Any CPU
		{FF27D5DF-CB9F-4D64-A0A3-412FE5A55F8B}.Release|Any CPU.Build.0 = Release|Any CPU
	EndGlobalSection
	GlobalSection(SolutionProperties) = preSolution
		HideSolutionNode = FALSE
	EndGlobalSection
	GlobalSection(ExtensibilityGlobals) = postSolution
		SolutionGuid = {F54E708C-CD2F-4AAA-8ABE-DAD02759485B}
	EndGlobalSection
EndGlobal
